PODS:
  - M5MultitouchSupport (1.1.0):
    - M5MultitouchSupport/Internal (= 1.1.0)
  - M5MultitouchSupport/Internal (1.1.0)

DEPENDENCIES:
  - M5MultitouchSupport (~> 1.1.0)

SPEC CHECKSUMS:
  M5MultitouchSupport: ea076d72161140e3d37fb3d474b597aa5cd15484

PODFILE CHECKSUM: 9bcbbc9553c035d1867c986b2151c1944ea20392

COCOAPODS: 1.0.1
