// !$*UTF8*$!
{
	archiveVersion = 1;
	classes = {
	};
	objectVersion = 46;
	objects = {

/* Begin PBXBuildFile section */
		3BF0FDD24D788345A6FAB5DE /* libPods-ForceMIDI.a in Frameworks */ = {isa = PBXBuildFile; fileRef = 3D59AD3FC917B948D8B4F793 /* libPods-ForceMIDI.a */; };
		401D035A1D03E1E400C781AE /* CoreMIDI.framework in Frameworks */ = {isa = PBXBuildFile; fileRef = 401D03591D03E1E400C781AE /* CoreMIDI.framework */; };
		40369CD61D04ABF0008914DE /* StatusMenuController.m in Sources */ = {isa = PBXBuildFile; fileRef = 40369CD51D04ABF0008914DE /* StatusMenuController.m */; };
		40369CD91D04B1F3008914DE /* TrackPadMIDIDevice.m in Sources */ = {isa = PBXBuildFile; fileRef = 40369CD81D04B1F3008914DE /* TrackPadMIDIDevice.m */; };
		40369CDC1D04B3FA008914DE /* Note.m in Sources */ = {isa = PBXBuildFile; fileRef = 40369CDB1D04B3FA008914DE /* Note.m */; };
		40369CDE1D04B7CC008914DE /* NoteTest.m in Sources */ = {isa = PBXBuildFile; fileRef = 40369CDD1D04B7CC008914DE /* NoteTest.m */; };
		40369CED1D04FF8B008914DE /* MIDIDevice.m in Sources */ = {isa = PBXBuildFile; fileRef = 40369CEB1D04FF8B008914DE /* MIDIDevice.m */; };
		40682F451D0676BE008B0160 /* Finger.m in Sources */ = {isa = PBXBuildFile; fileRef = 40682F441D0676BE008B0160 /* Finger.m */; };
		40DFD2951D03BEA40079BAF9 /* AppDelegate.m in Sources */ = {isa = PBXBuildFile; fileRef = 40DFD2941D03BEA40079BAF9 /* AppDelegate.m */; };
		40DFD2981D03BEA40079BAF9 /* main.m in Sources */ = {isa = PBXBuildFile; fileRef = 40DFD2971D03BEA40079BAF9 /* main.m */; };
		40DFD29B1D03BEA40079BAF9 /* ViewController.m in Sources */ = {isa = PBXBuildFile; fileRef = 40DFD29A1D03BEA40079BAF9 /* ViewController.m */; };
		40DFD29D1D03BEA50079BAF9 /* Assets.xcassets in Resources */ = {isa = PBXBuildFile; fileRef = 40DFD29C1D03BEA50079BAF9 /* Assets.xcassets */; };
		40DFD2A01D03BEA50079BAF9 /* Main.storyboard in Resources */ = {isa = PBXBuildFile; fileRef = 40DFD29E1D03BEA50079BAF9 /* Main.storyboard */; };
		40DFD2AB1D03BEA50079BAF9 /* ForceMIDITests.m in Sources */ = {isa = PBXBuildFile; fileRef = 40DFD2AA1D03BEA50079BAF9 /* ForceMIDITests.m */; };
/* End PBXBuildFile section */

/* Begin PBXContainerItemProxy section */
		40DFD2A71D03BEA50079BAF9 /* PBXContainerItemProxy */ = {
			isa = PBXContainerItemProxy;
			containerPortal = 40DFD2881D03BEA40079BAF9 /* Project object */;
			proxyType = 1;
			remoteGlobalIDString = 40DFD28F1D03BEA40079BAF9;
			remoteInfo = ForceMIDI;
		};
/* End PBXContainerItemProxy section */

/* Begin PBXFileReference section */
		3D59AD3FC917B948D8B4F793 /* libPods-ForceMIDI.a */ = {isa = PBXFileReference; explicitFileType = archive.ar; includeInIndex = 0; path = "libPods-ForceMIDI.a"; sourceTree = BUILT_PRODUCTS_DIR; };
		401D03591D03E1E400C781AE /* CoreMIDI.framework */ = {isa = PBXFileReference; lastKnownFileType = wrapper.framework; name = CoreMIDI.framework; path = System/Library/Frameworks/CoreMIDI.framework; sourceTree = SDKROOT; };
		40369CD41D04ABF0008914DE /* StatusMenuController.h */ = {isa = PBXFileReference; fileEncoding = 4; lastKnownFileType = sourcecode.c.h; path = StatusMenuController.h; sourceTree = "<group>"; };
		40369CD51D04ABF0008914DE /* StatusMenuController.m */ = {isa = PBXFileReference; fileEncoding = 4; lastKnownFileType = sourcecode.c.objc; path = StatusMenuController.m; sourceTree = "<group>"; };
		40369CD71D04B1F3008914DE /* TrackPadMIDIDevice.h */ = {isa = PBXFileReference; fileEncoding = 4; lastKnownFileType = sourcecode.c.h; path = TrackPadMIDIDevice.h; sourceTree = "<group>"; };
		40369CD81D04B1F3008914DE /* TrackPadMIDIDevice.m */ = {isa = PBXFileReference; fileEncoding = 4; lastKnownFileType = sourcecode.c.objc; path = TrackPadMIDIDevice.m; sourceTree = "<group>"; };
		40369CDA1D04B3FA008914DE /* Note.h */ = {isa = PBXFileReference; fileEncoding = 4; lastKnownFileType = sourcecode.c.h; path = Note.h; sourceTree = "<group>"; };
		40369CDB1D04B3FA008914DE /* Note.m */ = {isa = PBXFileReference; fileEncoding = 4; lastKnownFileType = sourcecode.c.objc; path = Note.m; sourceTree = "<group>"; };
		40369CDD1D04B7CC008914DE /* NoteTest.m */ = {isa = PBXFileReference; fileEncoding = 4; lastKnownFileType = sourcecode.c.objc; path = NoteTest.m; sourceTree = "<group>"; };
		40369CEB1D04FF8B008914DE /* MIDIDevice.m */ = {isa = PBXFileReference; fileEncoding = 4; lastKnownFileType = sourcecode.c.objc; path = MIDIDevice.m; sourceTree = "<group>"; };
		40369CEC1D04FF8B008914DE /* MIDIDevice.h */ = {isa = PBXFileReference; fileEncoding = 4; lastKnownFileType = sourcecode.c.h; path = MIDIDevice.h; sourceTree = "<group>"; };
		40682F431D0676BE008B0160 /* Finger.h */ = {isa = PBXFileReference; fileEncoding = 4; lastKnownFileType = sourcecode.c.h; path = Finger.h; sourceTree = "<group>"; };
		40682F441D0676BE008B0160 /* Finger.m */ = {isa = PBXFileReference; fileEncoding = 4; lastKnownFileType = sourcecode.c.objc; path = Finger.m; sourceTree = "<group>"; };
		40DFD2901D03BEA40079BAF9 /* ForceMIDI.app */ = {isa = PBXFileReference; explicitFileType = wrapper.application; includeInIndex = 0; path = ForceMIDI.app; sourceTree = BUILT_PRODUCTS_DIR; };
		40DFD2931D03BEA40079BAF9 /* AppDelegate.h */ = {isa = PBXFileReference; lastKnownFileType = sourcecode.c.h; path = AppDelegate.h; sourceTree = "<group>"; };
		40DFD2941D03BEA40079BAF9 /* AppDelegate.m */ = {isa = PBXFileReference; lastKnownFileType = sourcecode.c.objc; path = AppDelegate.m; sourceTree = "<group>"; };
		40DFD2971D03BEA40079BAF9 /* main.m */ = {isa = PBXFileReference; lastKnownFileType = sourcecode.c.objc; path = main.m; sourceTree = "<group>"; };
		40DFD2991D03BEA40079BAF9 /* ViewController.h */ = {isa = PBXFileReference; lastKnownFileType = sourcecode.c.h; path = ViewController.h; sourceTree = "<group>"; };
		40DFD29A1D03BEA40079BAF9 /* ViewController.m */ = {isa = PBXFileReference; lastKnownFileType = sourcecode.c.objc; path = ViewController.m; sourceTree = "<group>"; };
		40DFD29C1D03BEA50079BAF9 /* Assets.xcassets */ = {isa = PBXFileReference; lastKnownFileType = folder.assetcatalog; path = Assets.xcassets; sourceTree = "<group>"; };
		40DFD29F1D03BEA50079BAF9 /* Base */ = {isa = PBXFileReference; lastKnownFileType = file.storyboard; name = Base; path = Base.lproj/Main.storyboard; sourceTree = "<group>"; };
		40DFD2A11D03BEA50079BAF9 /* Info.plist */ = {isa = PBXFileReference; lastKnownFileType = text.plist.xml; path = Info.plist; sourceTree = "<group>"; };
		40DFD2A61D03BEA50079BAF9 /* ForceMIDITests.xctest */ = {isa = PBXFileReference; explicitFileType = wrapper.cfbundle; includeInIndex = 0; path = ForceMIDITests.xctest; sourceTree = BUILT_PRODUCTS_DIR; };
		40DFD2AA1D03BEA50079BAF9 /* ForceMIDITests.m */ = {isa = PBXFileReference; lastKnownFileType = sourcecode.c.objc; path = ForceMIDITests.m; sourceTree = "<group>"; };
		40DFD2AC1D03BEA50079BAF9 /* Info.plist */ = {isa = PBXFileReference; lastKnownFileType = text.plist.xml; path = Info.plist; sourceTree = "<group>"; };
		970289E5D5948970C405DE2D /* Pods-ForceMIDI.debug.xcconfig */ = {isa = PBXFileReference; includeInIndex = 1; lastKnownFileType = text.xcconfig; name = "Pods-ForceMIDI.debug.xcconfig"; path = "Pods/Target Support Files/Pods-ForceMIDI/Pods-ForceMIDI.debug.xcconfig"; sourceTree = "<group>"; };
		F857F498D6CC9047B83AC3E9 /* Pods-ForceMIDI.release.xcconfig */ = {isa = PBXFileReference; includeInIndex = 1; lastKnownFileType = text.xcconfig; name = "Pods-ForceMIDI.release.xcconfig"; path = "Pods/Target Support Files/Pods-ForceMIDI/Pods-ForceMIDI.release.xcconfig"; sourceTree = "<group>"; };
/* End PBXFileReference section */

/* Begin PBXFrameworksBuildPhase section */
		40DFD28D1D03BEA40079BAF9 /* Frameworks */ = {
			isa = PBXFrameworksBuildPhase;
			buildActionMask = 2147483647;
			files = (
				401D035A1D03E1E400C781AE /* CoreMIDI.framework in Frameworks */,
				3BF0FDD24D788345A6FAB5DE /* libPods-ForceMIDI.a in Frameworks */,
			);
			runOnlyForDeploymentPostprocessing = 0;
		};
		40DFD2A31D03BEA50079BAF9 /* Frameworks */ = {
			isa = PBXFrameworksBuildPhase;
			buildActionMask = 2147483647;
			files = (
			);
			runOnlyForDeploymentPostprocessing = 0;
		};
/* End PBXFrameworksBuildPhase section */

/* Begin PBXGroup section */
		3D17284153B97EC4CD95A5B9 /* Pods */ = {
			isa = PBXGroup;
			children = (
				970289E5D5948970C405DE2D /* Pods-ForceMIDI.debug.xcconfig */,
				F857F498D6CC9047B83AC3E9 /* Pods-ForceMIDI.release.xcconfig */,
			);
			name = Pods;
			sourceTree = "<group>";
		};
		40DFD2871D03BEA40079BAF9 = {
			isa = PBXGroup;
			children = (
				40DFD2921D03BEA40079BAF9 /* ForceMIDI */,
				40DFD2A91D03BEA50079BAF9 /* ForceMIDITests */,
				40DFD2911D03BEA40079BAF9 /* Products */,
				3D17284153B97EC4CD95A5B9 /* Pods */,
				667DCEAB38FA446FAF2E8E73 /* Frameworks */,
			);
			sourceTree = "<group>";
		};
		40DFD2911D03BEA40079BAF9 /* Products */ = {
			isa = PBXGroup;
			children = (
				40DFD2901D03BEA40079BAF9 /* ForceMIDI.app */,
				40DFD2A61D03BEA50079BAF9 /* ForceMIDITests.xctest */,
			);
			name = Products;
			sourceTree = "<group>";
		};
		40DFD2921D03BEA40079BAF9 /* ForceMIDI */ = {
			isa = PBXGroup;
			children = (
				40369CEB1D04FF8B008914DE /* MIDIDevice.m */,
				40369CEC1D04FF8B008914DE /* MIDIDevice.h */,
				40DFD2931D03BEA40079BAF9 /* AppDelegate.h */,
				40DFD2941D03BEA40079BAF9 /* AppDelegate.m */,
				40369CDA1D04B3FA008914DE /* Note.h */,
				40369CDB1D04B3FA008914DE /* Note.m */,
				40369CD71D04B1F3008914DE /* TrackPadMIDIDevice.h */,
				40369CD81D04B1F3008914DE /* TrackPadMIDIDevice.m */,
				40DFD2991D03BEA40079BAF9 /* ViewController.h */,
				40DFD29A1D03BEA40079BAF9 /* ViewController.m */,
				40DFD29C1D03BEA50079BAF9 /* Assets.xcassets */,
				40DFD29E1D03BEA50079BAF9 /* Main.storyboard */,
				40DFD2A11D03BEA50079BAF9 /* Info.plist */,
				40DFD2961D03BEA40079BAF9 /* Supporting Files */,
				40369CD41D04ABF0008914DE /* StatusMenuController.h */,
				40369CD51D04ABF0008914DE /* StatusMenuController.m */,
				40682F431D0676BE008B0160 /* Finger.h */,
				40682F441D0676BE008B0160 /* Finger.m */,
			);
			path = ForceMIDI;
			sourceTree = "<group>";
		};
		40DFD2961D03BEA40079BAF9 /* Supporting Files */ = {
			isa = PBXGroup;
			children = (
				40DFD2971D03BEA40079BAF9 /* main.m */,
			);
			name = "Supporting Files";
			sourceTree = "<group>";
		};
		40DFD2A91D03BEA50079BAF9 /* ForceMIDITests */ = {
			isa = PBXGroup;
			children = (
				40DFD2AA1D03BEA50079BAF9 /* ForceMIDITests.m */,
				40369CDD1D04B7CC008914DE /* NoteTest.m */,
				40DFD2AC1D03BEA50079BAF9 /* Info.plist */,
			);
			path = ForceMIDITests;
			sourceTree = "<group>";
		};
		667DCEAB38FA446FAF2E8E73 /* Frameworks */ = {
			isa = PBXGroup;
			children = (
				401D03591D03E1E400C781AE /* CoreMIDI.framework */,
				3D59AD3FC917B948D8B4F793 /* libPods-ForceMIDI.a */,
			);
			name = Frameworks;
			sourceTree = "<group>";
		};
/* End PBXGroup section */

/* Begin PBXNativeTarget section */
		40DFD28F1D03BEA40079BAF9 /* ForceMIDI */ = {
			isa = PBXNativeTarget;
			buildConfigurationList = 40DFD2BA1D03BEA50079BAF9 /* Build configuration list for PBXNativeTarget "ForceMIDI" */;
			buildPhases = (
				058E16B8BCE8F11D2DE36972 /* [CP] Check Pods Manifest.lock */,
				40DFD28C1D03BEA40079BAF9 /* Sources */,
				40DFD28D1D03BEA40079BAF9 /* Frameworks */,
				40DFD28E1D03BEA40079BAF9 /* Resources */,
				59C2FF892C2DD54A6F546EFD /* [CP] Embed Pods Frameworks */,
				667770D366A5241A0DE08C13 /* [CP] Copy Pods Resources */,
			);
			buildRules = (
			);
			dependencies = (
			);
			name = ForceMIDI;
			productName = ForceMIDI;
			productReference = 40DFD2901D03BEA40079BAF9 /* ForceMIDI.app */;
			productType = "com.apple.product-type.application";
		};
		40DFD2A51D03BEA50079BAF9 /* ForceMIDITests */ = {
			isa = PBXNativeTarget;
			buildConfigurationList = 40DFD2BD1D03BEA50079BAF9 /* Build configuration list for PBXNativeTarget "ForceMIDITests" */;
			buildPhases = (
				40DFD2A21D03BEA50079BAF9 /* Sources */,
				40DFD2A31D03BEA50079BAF9 /* Frameworks */,
				40DFD2A41D03BEA50079BAF9 /* Resources */,
			);
			buildRules = (
			);
			dependencies = (
				40DFD2A81D03BEA50079BAF9 /* PBXTargetDependency */,
			);
			name = ForceMIDITests;
			productName = ForceMIDITests;
			productReference = 40DFD2A61D03BEA50079BAF9 /* ForceMIDITests.xctest */;
			productType = "com.apple.product-type.bundle.unit-test";
		};
/* End PBXNativeTarget section */

/* Begin PBXProject section */
		40DFD2881D03BEA40079BAF9 /* Project object */ = {
			isa = PBXProject;
			attributes = {
				LastUpgradeCheck = 0730;
				ORGANIZATIONNAME = "Joshua Breeden";
				TargetAttributes = {
					40DFD28F1D03BEA40079BAF9 = {
						CreatedOnToolsVersion = 7.3;
					};
					40DFD2A51D03BEA50079BAF9 = {
						CreatedOnToolsVersion = 7.3;
						TestTargetID = 40DFD28F1D03BEA40079BAF9;
					};
				};
			};
			buildConfigurationList = 40DFD28B1D03BEA40079BAF9 /* Build configuration list for PBXProject "ForceMIDI" */;
			compatibilityVersion = "Xcode 3.2";
			developmentRegion = English;
			hasScannedForEncodings = 0;
			knownRegions = (
				en,
				Base,
			);
			mainGroup = 40DFD2871D03BEA40079BAF9;
			productRefGroup = 40DFD2911D03BEA40079BAF9 /* Products */;
			projectDirPath = "";
			projectRoot = "";
			targets = (
				40DFD28F1D03BEA40079BAF9 /* ForceMIDI */,
				40DFD2A51D03BEA50079BAF9 /* ForceMIDITests */,
			);
		};
/* End PBXProject section */

/* Begin PBXResourcesBuildPhase section */
		40DFD28E1D03BEA40079BAF9 /* Resources */ = {
			isa = PBXResourcesBuildPhase;
			buildActionMask = 2147483647;
			files = (
				40DFD29D1D03BEA50079BAF9 /* Assets.xcassets in Resources */,
				40DFD2A01D03BEA50079BAF9 /* Main.storyboard in Resources */,
			);
			runOnlyForDeploymentPostprocessing = 0;
		};
		40DFD2A41D03BEA50079BAF9 /* Resources */ = {
			isa = PBXResourcesBuildPhase;
			buildActionMask = 2147483647;
			files = (
			);
			runOnlyForDeploymentPostprocessing = 0;
		};
/* End PBXResourcesBuildPhase section */

/* Begin PBXShellScriptBuildPhase section */
		058E16B8BCE8F11D2DE36972 /* [CP] Check Pods Manifest.lock */ = {
			isa = PBXShellScriptBuildPhase;
			buildActionMask = 2147483647;
			files = (
			);
			inputPaths = (
			);
			name = "[CP] Check Pods Manifest.lock";
			outputPaths = (
			);
			runOnlyForDeploymentPostprocessing = 0;
			shellPath = /bin/sh;
			shellScript = "diff \"${PODS_ROOT}/../Podfile.lock\" \"${PODS_ROOT}/Manifest.lock\" > /dev/null\nif [[ $? != 0 ]] ; then\n    cat << EOM\nerror: The sandbox is not in sync with the Podfile.lock. Run 'pod install' or update your CocoaPods installation.\nEOM\n    exit 1\nfi\n";
			showEnvVarsInLog = 0;
		};
		59C2FF892C2DD54A6F546EFD /* [CP] Embed Pods Frameworks */ = {
			isa = PBXShellScriptBuildPhase;
			buildActionMask = 2147483647;
			files = (
			);
			inputPaths = (
			);
			name = "[CP] Embed Pods Frameworks";
			outputPaths = (
			);
			runOnlyForDeploymentPostprocessing = 0;
			shellPath = /bin/sh;
			shellScript = "\"${SRCROOT}/Pods/Target Support Files/Pods-ForceMIDI/Pods-ForceMIDI-frameworks.sh\"\n";
			showEnvVarsInLog = 0;
		};
		667770D366A5241A0DE08C13 /* [CP] Copy Pods Resources */ = {
			isa = PBXShellScriptBuildPhase;
			buildActionMask = 2147483647;
			files = (
			);
			inputPaths = (
			);
			name = "[CP] Copy Pods Resources";
			outputPaths = (
			);
			runOnlyForDeploymentPostprocessing = 0;
			shellPath = /bin/sh;
			shellScript = "\"${SRCROOT}/Pods/Target Support Files/Pods-ForceMIDI/Pods-ForceMIDI-resources.sh\"\n";
			showEnvVarsInLog = 0;
		};
/* End PBXShellScriptBuildPhase section */

/* Begin PBXSourcesBuildPhase section */
		40DFD28C1D03BEA40079BAF9 /* Sources */ = {
			isa = PBXSourcesBuildPhase;
			buildActionMask = 2147483647;
			files = (
				40369CDC1D04B3FA008914DE /* Note.m in Sources */,
				40DFD29B1D03BEA40079BAF9 /* ViewController.m in Sources */,
				40369CD61D04ABF0008914DE /* StatusMenuController.m in Sources */,
				40369CD91D04B1F3008914DE /* TrackPadMIDIDevice.m in Sources */,
				40DFD2981D03BEA40079BAF9 /* main.m in Sources */,
				40DFD2951D03BEA40079BAF9 /* AppDelegate.m in Sources */,
				40682F451D0676BE008B0160 /* Finger.m in Sources */,
				40369CED1D04FF8B008914DE /* MIDIDevice.m in Sources */,
			);
			runOnlyForDeploymentPostprocessing = 0;
		};
		40DFD2A21D03BEA50079BAF9 /* Sources */ = {
			isa = PBXSourcesBuildPhase;
			buildActionMask = 2147483647;
			files = (
				40DFD2AB1D03BEA50079BAF9 /* ForceMIDITests.m in Sources */,
				40369CDE1D04B7CC008914DE /* NoteTest.m in Sources */,
			);
			runOnlyForDeploymentPostprocessing = 0;
		};
/* End PBXSourcesBuildPhase section */

/* Begin PBXTargetDependency section */
		40DFD2A81D03BEA50079BAF9 /* PBXTargetDependency */ = {
			isa = PBXTargetDependency;
			target = 40DFD28F1D03BEA40079BAF9 /* ForceMIDI */;
			targetProxy = 40DFD2A71D03BEA50079BAF9 /* PBXContainerItemProxy */;
		};
/* End PBXTargetDependency section */

/* Begin PBXVariantGroup section */
		40DFD29E1D03BEA50079BAF9 /* Main.storyboard */ = {
			isa = PBXVariantGroup;
			children = (
				40DFD29F1D03BEA50079BAF9 /* Base */,
			);
			name = Main.storyboard;
			sourceTree = "<group>";
		};
/* End PBXVariantGroup section */

/* Begin XCBuildConfiguration section */
		40DFD2B81D03BEA50079BAF9 /* Debug */ = {
			isa = XCBuildConfiguration;
			buildSettings = {
				ALWAYS_SEARCH_USER_PATHS = NO;
				CLANG_ANALYZER_NONNULL = YES;
				CLANG_CXX_LANGUAGE_STANDARD = "gnu++0x";
				CLANG_CXX_LIBRARY = "libc++";
				CLANG_ENABLE_MODULES = YES;
				CLANG_ENABLE_OBJC_ARC = YES;
				CLANG_WARN_BOOL_CONVERSION = YES;
				CLANG_WARN_CONSTANT_CONVERSION = YES;
				CLANG_WARN_DIRECT_OBJC_ISA_USAGE = YES_ERROR;
				CLANG_WARN_EMPTY_BODY = YES;
				CLANG_WARN_ENUM_CONVERSION = YES;
				CLANG_WARN_INT_CONVERSION = YES;
				CLANG_WARN_OBJC_ROOT_CLASS = YES_ERROR;
				CLANG_WARN_UNREACHABLE_CODE = YES;
				CLANG_WARN__DUPLICATE_METHOD_MATCH = YES;
				CODE_SIGN_IDENTITY = "-";
				COPY_PHASE_STRIP = NO;
				DEBUG_INFORMATION_FORMAT = dwarf;
				ENABLE_STRICT_OBJC_MSGSEND = YES;
				ENABLE_TESTABILITY = YES;
				GCC_C_LANGUAGE_STANDARD = gnu99;
				GCC_DYNAMIC_NO_PIC = NO;
				GCC_NO_COMMON_BLOCKS = YES;
				GCC_OPTIMIZATION_LEVEL = 0;
				GCC_PREPROCESSOR_DEFINITIONS = (
					"DEBUG=1",
					"$(inherited)",
				);
				GCC_WARN_64_TO_32_BIT_CONVERSION = YES;
				GCC_WARN_ABOUT_RETURN_TYPE = YES_ERROR;
				GCC_WARN_UNDECLARED_SELECTOR = YES;
				GCC_WARN_UNINITIALIZED_AUTOS = YES_AGGRESSIVE;
				GCC_WARN_UNUSED_FUNCTION = YES;
				GCC_WARN_UNUSED_VARIABLE = YES;
				MACOSX_DEPLOYMENT_TARGET = 10.11;
				MTL_ENABLE_DEBUG_INFO = YES;
				ONLY_ACTIVE_ARCH = YES;
				SDKROOT = macosx;
			};
			name = Debug;
		};
		40DFD2B91D03BEA50079BAF9 /* Release */ = {
			isa = XCBuildConfiguration;
			buildSettings = {
				ALWAYS_SEARCH_USER_PATHS = NO;
				CLANG_ANALYZER_NONNULL = YES;
				CLANG_CXX_LANGUAGE_STANDARD = "gnu++0x";
				CLANG_CXX_LIBRARY = "libc++";
				CLANG_ENABLE_MODULES = YES;
				CLANG_ENABLE_OBJC_ARC = YES;
				CLANG_WARN_BOOL_CONVERSION = YES;
				CLANG_WARN_CONSTANT_CONVERSION = YES;
				CLANG_WARN_DIRECT_OBJC_ISA_USAGE = YES_ERROR;
				CLANG_WARN_EMPTY_BODY = YES;
				CLANG_WARN_ENUM_CONVERSION = YES;
				CLANG_WARN_INT_CONVERSION = YES;
				CLANG_WARN_OBJC_ROOT_CLASS = YES_ERROR;
				CLANG_WARN_UNREACHABLE_CODE = YES;
				CLANG_WARN__DUPLICATE_METHOD_MATCH = YES;
				CODE_SIGN_IDENTITY = "-";
				COPY_PHASE_STRIP = NO;
				DEBUG_INFORMATION_FORMAT = "dwarf-with-dsym";
				ENABLE_NS_ASSERTIONS = NO;
				ENABLE_STRICT_OBJC_MSGSEND = YES;
				GCC_C_LANGUAGE_STANDARD = gnu99;
				GCC_NO_COMMON_BLOCKS = YES;
				GCC_WARN_64_TO_32_BIT_CONVERSION = YES;
				GCC_WARN_ABOUT_RETURN_TYPE = YES_ERROR;
				GCC_WARN_UNDECLARED_SELECTOR = YES;
				GCC_WARN_UNINITIALIZED_AUTOS = YES_AGGRESSIVE;
				GCC_WARN_UNUSED_FUNCTION = YES;
				GCC_WARN_UNUSED_VARIABLE = YES;
				MACOSX_DEPLOYMENT_TARGET = 10.11;
				MTL_ENABLE_DEBUG_INFO = NO;
				SDKROOT = macosx;
			};
			name = Release;
		};
		40DFD2BB1D03BEA50079BAF9 /* Debug */ = {
			isa = XCBuildConfiguration;
			baseConfigurationReference = 970289E5D5948970C405DE2D /* Pods-ForceMIDI.debug.xcconfig */;
			buildSettings = {
				ASSETCATALOG_COMPILER_APPICON_NAME = AppIcon;
				COMBINE_HIDPI_IMAGES = YES;
				INFOPLIST_FILE = ForceMIDI/Info.plist;
				LD_RUNPATH_SEARCH_PATHS = "$(inherited) @executable_path/../Frameworks";
				PRODUCT_BUNDLE_IDENTIFIER = jbreeden.ForceMIDI;
				PRODUCT_NAME = "$(TARGET_NAME)";
			};
			name = Debug;
		};
		40DFD2BC1D03BEA50079BAF9 /* Release */ = {
			isa = XCBuildConfiguration;
			baseConfigurationReference = F857F498D6CC9047B83AC3E9 /* Pods-ForceMIDI.release.xcconfig */;
			buildSettings = {
				ASSETCATALOG_COMPILER_APPICON_NAME = AppIcon;
				COMBINE_HIDPI_IMAGES = YES;
				INFOPLIST_FILE = ForceMIDI/Info.plist;
				LD_RUNPATH_SEARCH_PATHS = "$(inherited) @executable_path/../Frameworks";
				PRODUCT_BUNDLE_IDENTIFIER = jbreeden.ForceMIDI;
				PRODUCT_NAME = "$(TARGET_NAME)";
			};
			name = Release;
		};
		40DFD2BE1D03BEA50079BAF9 /* Debug */ = {
			isa = XCBuildConfiguration;
			buildSettings = {
				BUNDLE_LOADER = "$(TEST_HOST)";
				COMBINE_HIDPI_IMAGES = YES;
				INFOPLIST_FILE = ForceMIDITests/Info.plist;
				LD_RUNPATH_SEARCH_PATHS = "$(inherited) @executable_path/../Frameworks @loader_path/../Frameworks";
				PRODUCT_BUNDLE_IDENTIFIER = jbreeden.ForceMIDITests;
				PRODUCT_NAME = "$(TARGET_NAME)";
				TEST_HOST = "$(BUILT_PRODUCTS_DIR)/ForceMIDI.app/Contents/MacOS/ForceMIDI";
			};
			name = Debug;
		};
		40DFD2BF1D03BEA50079BAF9 /* Release */ = {
			isa = XCBuildConfiguration;
			buildSettings = {
				BUNDLE_LOADER = "$(TEST_HOST)";
				COMBINE_HIDPI_IMAGES = YES;
				INFOPLIST_FILE = ForceMIDITests/Info.plist;
				LD_RUNPATH_SEARCH_PATHS = "$(inherited) @executable_path/../Frameworks @loader_path/../Frameworks";
				PRODUCT_BUNDLE_IDENTIFIER = jbreeden.ForceMIDITests;
				PRODUCT_NAME = "$(TARGET_NAME)";
				TEST_HOST = "$(BUILT_PRODUCTS_DIR)/ForceMIDI.app/Contents/MacOS/ForceMIDI";
			};
			name = Release;
		};
/* End XCBuildConfiguration section */

/* Begin XCConfigurationList section */
		40DFD28B1D03BEA40079BAF9 /* Build configuration list for PBXProject "ForceMIDI" */ = {
			isa = XCConfigurationList;
			buildConfigurations = (
				40DFD2B81D03BEA50079BAF9 /* Debug */,
				40DFD2B91D03BEA50079BAF9 /* Release */,
			);
			defaultConfigurationIsVisible = 0;
			defaultConfigurationName = Release;
		};
		40DFD2BA1D03BEA50079BAF9 /* Build configuration list for PBXNativeTarget "ForceMIDI" */ = {
			isa = XCConfigurationList;
			buildConfigurations = (
				40DFD2BB1D03BEA50079BAF9 /* Debug */,
				40DFD2BC1D03BEA50079BAF9 /* Release */,
			);
			defaultConfigurationIsVisible = 0;
			defaultConfigurationName = Release;
		};
		40DFD2BD1D03BEA50079BAF9 /* Build configuration list for PBXNativeTarget "ForceMIDITests" */ = {
			isa = XCConfigurationList;
			buildConfigurations = (
				40DFD2BE1D03BEA50079BAF9 /* Debug */,
				40DFD2BF1D03BEA50079BAF9 /* Release */,
			);
			defaultConfigurationIsVisible = 0;
			defaultConfigurationName = Release;
		};
/* End XCConfigurationList section */
	};
	rootObject = 40DFD2881D03BEA40079BAF9 /* Project object */;
}
