// !$*UTF8*$!
{
	archiveVersion = 1;
	classes = {
	};
	objectVersion = 46;
	objects = {

/* Begin PBXBuildFile section */
		40DFD2951D03BEA40079BAF9 /* AppDelegate.m in Sources */ = {isa = PBXBuildFile; fileRef = 40DFD2941D03BEA40079BAF9 /* AppDelegate.m */; };
		40DFD2981D03BEA40079BAF9 /* main.m in Sources */ = {isa = PBXBuildFile; fileRef = 40DFD2971D03BEA40079BAF9 /* main.m */; };
		40DFD29B1D03BEA40079BAF9 /* ViewController.m in Sources */ = {isa = PBXBuildFile; fileRef = 40DFD29A1D03BEA40079BAF9 /* ViewController.m */; };
		40DFD29D1D03BEA50079BAF9 /* Assets.xcassets in Resources */ = {isa = PBXBuildFile; fileRef = 40DFD29C1D03BEA50079BAF9 /* Assets.xcassets */; };
		40DFD2A01D03BEA50079BAF9 /* Main.storyboard in Resources */ = {isa = PBXBuildFile; fileRef = 40DFD29E1D03BEA50079BAF9 /* Main.storyboard */; };
		40DFD2AB1D03BEA50079BAF9 /* ForceMIDITests.m in Sources */ = {isa = PBXBuildFile; fileRef = 40DFD2AA1D03BEA50079BAF9 /* ForceMIDITests.m */; };
		40DFD2B61D03BEA50079BAF9 /* ForceMIDIUITests.m in Sources */ = {isa = PBXBuildFile; fileRef = 40DFD2B51D03BEA50079BAF9 /* ForceMIDIUITests.m */; };
/* End PBXBuildFile section */

/* Begin PBXContainerItemProxy section */
		40DFD2A71D03BEA50079BAF9 /* PBXContainerItemProxy */ = {
			isa = PBXContainerItemProxy;
			containerPortal = 40DFD2881D03BEA40079BAF9 /* Project object */;
			proxyType = 1;
			remoteGlobalIDString = 40DFD28F1D03BEA40079BAF9;
			remoteInfo = ForceMIDI;
		};
		40DFD2B21D03BEA50079BAF9 /* PBXContainerItemProxy */ = {
			isa = PBXContainerItemProxy;
			containerPortal = 40DFD2881D03BEA40079BAF9 /* Project object */;
			proxyType = 1;
			remoteGlobalIDString = 40DFD28F1D03BEA40079BAF9;
			remoteInfo = ForceMIDI;
		};
/* End PBXContainerItemProxy section */

/* Begin PBXFileReference section */
		40DFD2901D03BEA40079BAF9 /* ForceMIDI.app */ = {isa = PBXFileReference; explicitFileType = wrapper.application; includeInIndex = 0; path = ForceMIDI.app; sourceTree = BUILT_PRODUCTS_DIR; };
		40DFD2931D03BEA40079BAF9 /* AppDelegate.h */ = {isa = PBXFileReference; lastKnownFileType = sourcecode.c.h; path = AppDelegate.h; sourceTree = "<group>"; };
		40DFD2941D03BEA40079BAF9 /* AppDelegate.m */ = {isa = PBXFileReference; lastKnownFileType = sourcecode.c.objc; path = AppDelegate.m; sourceTree = "<group>"; };
		40DFD2971D03BEA40079BAF9 /* main.m */ = {isa = PBXFileReference; lastKnownFileType = sourcecode.c.objc; path = main.m; sourceTree = "<group>"; };
		40DFD2991D03BEA40079BAF9 /* ViewController.h */ = {isa = PBXFileReference; lastKnownFileType = sourcecode.c.h; path = ViewController.h; sourceTree = "<group>"; };
		40DFD29A1D03BEA40079BAF9 /* ViewController.m */ = {isa = PBXFileReference; lastKnownFileType = sourcecode.c.objc; path = ViewController.m; sourceTree = "<group>"; };
		40DFD29C1D03BEA50079BAF9 /* Assets.xcassets */ = {isa = PBXFileReference; lastKnownFileType = folder.assetcatalog; path = Assets.xcassets; sourceTree = "<group>"; };
		40DFD29F1D03BEA50079BAF9 /* Base */ = {isa = PBXFileReference; lastKnownFileType = file.storyboard; name = Base; path = Base.lproj/Main.storyboard; sourceTree = "<group>"; };
		40DFD2A11D03BEA50079BAF9 /* Info.plist */ = {isa = PBXFileReference; lastKnownFileType = text.plist.xml; path = Info.plist; sourceTree = "<group>"; };
		40DFD2A61D03BEA50079BAF9 /* ForceMIDITests.xctest */ = {isa = PBXFileReference; explicitFileType = wrapper.cfbundle; includeInIndex = 0; path = ForceMIDITests.xctest; sourceTree = BUILT_PRODUCTS_DIR; };
		40DFD2AA1D03BEA50079BAF9 /* ForceMIDITests.m */ = {isa = PBXFileReference; lastKnownFileType = sourcecode.c.objc; path = ForceMIDITests.m; sourceTree = "<group>"; };
		40DFD2AC1D03BEA50079BAF9 /* Info.plist */ = {isa = PBXFileReference; lastKnownFileType = text.plist.xml; path = Info.plist; sourceTree = "<group>"; };
		40DFD2B11D03BEA50079BAF9 /* ForceMIDIUITests.xctest */ = {isa = PBXFileReference; explicitFileType = wrapper.cfbundle; includeInIndex = 0; path = ForceMIDIUITests.xctest; sourceTree = BUILT_PRODUCTS_DIR; };
		40DFD2B51D03BEA50079BAF9 /* ForceMIDIUITests.m */ = {isa = PBXFileReference; lastKnownFileType = sourcecode.c.objc; path = ForceMIDIUITests.m; sourceTree = "<group>"; };
		40DFD2B71D03BEA50079BAF9 /* Info.plist */ = {isa = PBXFileReference; lastKnownFileType = text.plist.xml; path = Info.plist; sourceTree = "<group>"; };
/* End PBXFileReference section */

/* Begin PBXFrameworksBuildPhase section */
		40DFD28D1D03BEA40079BAF9 /* Frameworks */ = {
			isa = PBXFrameworksBuildPhase;
			buildActionMask = 2147483647;
			files = (
			);
			runOnlyForDeploymentPostprocessing = 0;
		};
		40DFD2A31D03BEA50079BAF9 /* Frameworks */ = {
			isa = PBXFrameworksBuildPhase;
			buildActionMask = 2147483647;
			files = (
			);
			runOnlyForDeploymentPostprocessing = 0;
		};
		40DFD2AE1D03BEA50079BAF9 /* Frameworks */ = {
			isa = PBXFrameworksBuildPhase;
			buildActionMask = 2147483647;
			files = (
			);
			runOnlyForDeploymentPostprocessing = 0;
		};
/* End PBXFrameworksBuildPhase section */

/* Begin PBXGroup section */
		40DFD2871D03BEA40079BAF9 = {
			isa = PBXGroup;
			children = (
				40DFD2921D03BEA40079BAF9 /* ForceMIDI */,
				40DFD2A91D03BEA50079BAF9 /* ForceMIDITests */,
				40DFD2B41D03BEA50079BAF9 /* ForceMIDIUITests */,
				40DFD2911D03BEA40079BAF9 /* Products */,
			);
			sourceTree = "<group>";
		};
		40DFD2911D03BEA40079BAF9 /* Products */ = {
			isa = PBXGroup;
			children = (
				40DFD2901D03BEA40079BAF9 /* ForceMIDI.app */,
				40DFD2A61D03BEA50079BAF9 /* ForceMIDITests.xctest */,
				40DFD2B11D03BEA50079BAF9 /* ForceMIDIUITests.xctest */,
			);
			name = Products;
			sourceTree = "<group>";
		};
		40DFD2921D03BEA40079BAF9 /* ForceMIDI */ = {
			isa = PBXGroup;
			children = (
				40DFD2931D03BEA40079BAF9 /* AppDelegate.h */,
				40DFD2941D03BEA40079BAF9 /* AppDelegate.m */,
				40DFD2991D03BEA40079BAF9 /* ViewController.h */,
				40DFD29A1D03BEA40079BAF9 /* ViewController.m */,
				40DFD29C1D03BEA50079BAF9 /* Assets.xcassets */,
				40DFD29E1D03BEA50079BAF9 /* Main.storyboard */,
				40DFD2A11D03BEA50079BAF9 /* Info.plist */,
				40DFD2961D03BEA40079BAF9 /* Supporting Files */,
			);
			path = ForceMIDI;
			sourceTree = "<group>";
		};
		40DFD2961D03BEA40079BAF9 /* Supporting Files */ = {
			isa = PBXGroup;
			children = (
				40DFD2971D03BEA40079BAF9 /* main.m */,
			);
			name = "Supporting Files";
			sourceTree = "<group>";
		};
		40DFD2A91D03BEA50079BAF9 /* ForceMIDITests */ = {
			isa = PBXGroup;
			children = (
				40DFD2AA1D03BEA50079BAF9 /* ForceMIDITests.m */,
				40DFD2AC1D03BEA50079BAF9 /* Info.plist */,
			);
			path = ForceMIDITests;
			sourceTree = "<group>";
		};
		40DFD2B41D03BEA50079BAF9 /* ForceMIDIUITests */ = {
			isa = PBXGroup;
			children = (
				40DFD2B51D03BEA50079BAF9 /* ForceMIDIUITests.m */,
				40DFD2B71D03BEA50079BAF9 /* Info.plist */,
			);
			path = ForceMIDIUITests;
			sourceTree = "<group>";
		};
/* End PBXGroup section */

/* Begin PBXNativeTarget section */
		40DFD28F1D03BEA40079BAF9 /* ForceMIDI */ = {
			isa = PBXNativeTarget;
			buildConfigurationList = 40DFD2BA1D03BEA50079BAF9 /* Build configuration list for PBXNativeTarget "ForceMIDI" */;
			buildPhases = (
				40DFD28C1D03BEA40079BAF9 /* Sources */,
				40DFD28D1D03BEA40079BAF9 /* Frameworks */,
				40DFD28E1D03BEA40079BAF9 /* Resources */,
			);
			buildRules = (
			);
			dependencies = (
			);
			name = ForceMIDI;
			productName = ForceMIDI;
			productReference = 40DFD2901D03BEA40079BAF9 /* ForceMIDI.app */;
			productType = "com.apple.product-type.application";
		};
		40DFD2A51D03BEA50079BAF9 /* ForceMIDITests */ = {
			isa = PBXNativeTarget;
			buildConfigurationList = 40DFD2BD1D03BEA50079BAF9 /* Build configuration list for PBXNativeTarget "ForceMIDITests" */;
			buildPhases = (
				40DFD2A21D03BEA50079BAF9 /* Sources */,
				40DFD2A31D03BEA50079BAF9 /* Frameworks */,
				40DFD2A41D03BEA50079BAF9 /* Resources */,
			);
			buildRules = (
			);
			dependencies = (
				40DFD2A81D03BEA50079BAF9 /* PBXTargetDependency */,
			);
			name = ForceMIDITests;
			productName = ForceMIDITests;
			productReference = 40DFD2A61D03BEA50079BAF9 /* ForceMIDITests.xctest */;
			productType = "com.apple.product-type.bundle.unit-test";
		};
		40DFD2B01D03BEA50079BAF9 /* ForceMIDIUITests */ = {
			isa = PBXNativeTarget;
			buildConfigurationList = 40DFD2C01D03BEA50079BAF9 /* Build configuration list for PBXNativeTarget "ForceMIDIUITests" */;
			buildPhases = (
				40DFD2AD1D03BEA50079BAF9 /* Sources */,
				40DFD2AE1D03BEA50079BAF9 /* Frameworks */,
				40DFD2AF1D03BEA50079BAF9 /* Resources */,
			);
			buildRules = (
			);
			dependencies = (
				40DFD2B31D03BEA50079BAF9 /* PBXTargetDependency */,
			);
			name = ForceMIDIUITests;
			productName = ForceMIDIUITests;
			productReference = 40DFD2B11D03BEA50079BAF9 /* ForceMIDIUITests.xctest */;
			productType = "com.apple.product-type.bundle.ui-testing";
		};
/* End PBXNativeTarget section */

/* Begin PBXProject section */
		40DFD2881D03BEA40079BAF9 /* Project object */ = {
			isa = PBXProject;
			attributes = {
				LastUpgradeCheck = 0730;
				ORGANIZATIONNAME = "Joshua Breeden";
				TargetAttributes = {
					40DFD28F1D03BEA40079BAF9 = {
						CreatedOnToolsVersion = 7.3;
					};
					40DFD2A51D03BEA50079BAF9 = {
						CreatedOnToolsVersion = 7.3;
						TestTargetID = 40DFD28F1D03BEA40079BAF9;
					};
					40DFD2B01D03BEA50079BAF9 = {
						CreatedOnToolsVersion = 7.3;
						TestTargetID = 40DFD28F1D03BEA40079BAF9;
					};
				};
			};
			buildConfigurationList = 40DFD28B1D03BEA40079BAF9 /* Build configuration list for PBXProject "ForceMIDI" */;
			compatibilityVersion = "Xcode 3.2";
			developmentRegion = English;
			hasScannedForEncodings = 0;
			knownRegions = (
				en,
				Base,
			);
			mainGroup = 40DFD2871D03BEA40079BAF9;
			productRefGroup = 40DFD2911D03BEA40079BAF9 /* Products */;
			projectDirPath = "";
			projectRoot = "";
			targets = (
				40DFD28F1D03BEA40079BAF9 /* ForceMIDI */,
				40DFD2A51D03BEA50079BAF9 /* ForceMIDITests */,
				40DFD2B01D03BEA50079BAF9 /* ForceMIDIUITests */,
			);
		};
/* End PBXProject section */

/* Begin PBXResourcesBuildPhase section */
		40DFD28E1D03BEA40079BAF9 /* Resources */ = {
			isa = PBXResourcesBuildPhase;
			buildActionMask = 2147483647;
			files = (
				40DFD29D1D03BEA50079BAF9 /* Assets.xcassets in Resources */,
				40DFD2A01D03BEA50079BAF9 /* Main.storyboard in Resources */,
			);
			runOnlyForDeploymentPostprocessing = 0;
		};
		40DFD2A41D03BEA50079BAF9 /* Resources */ = {
			isa = PBXResourcesBuildPhase;
			buildActionMask = 2147483647;
			files = (
			);
			runOnlyForDeploymentPostprocessing = 0;
		};
		40DFD2AF1D03BEA50079BAF9 /* Resources */ = {
			isa = PBXResourcesBuildPhase;
			buildActionMask = 2147483647;
			files = (
			);
			runOnlyForDeploymentPostprocessing = 0;
		};
/* End PBXResourcesBuildPhase section */

/* Begin PBXSourcesBuildPhase section */
		40DFD28C1D03BEA40079BAF9 /* Sources */ = {
			isa = PBXSourcesBuildPhase;
			buildActionMask = 2147483647;
			files = (
				40DFD29B1D03BEA40079BAF9 /* ViewController.m in Sources */,
				40DFD2981D03BEA40079BAF9 /* main.m in Sources */,
				40DFD2951D03BEA40079BAF9 /* AppDelegate.m in Sources */,
			);
			runOnlyForDeploymentPostprocessing = 0;
		};
		40DFD2A21D03BEA50079BAF9 /* Sources */ = {
			isa = PBXSourcesBuildPhase;
			buildActionMask = 2147483647;
			files = (
				40DFD2AB1D03BEA50079BAF9 /* ForceMIDITests.m in Sources */,
			);
			runOnlyForDeploymentPostprocessing = 0;
		};
		40DFD2AD1D03BEA50079BAF9 /* Sources */ = {
			isa = PBXSourcesBuildPhase;
			buildActionMask = 2147483647;
			files = (
				40DFD2B61D03BEA50079BAF9 /* ForceMIDIUITests.m in Sources */,
			);
			runOnlyForDeploymentPostprocessing = 0;
		};
/* End PBXSourcesBuildPhase section */

/* Begin PBXTargetDependency section */
		40DFD2A81D03BEA50079BAF9 /* PBXTargetDependency */ = {
			isa = PBXTargetDependency;
			target = 40DFD28F1D03BEA40079BAF9 /* ForceMIDI */;
			targetProxy = 40DFD2A71D03BEA50079BAF9 /* PBXContainerItemProxy */;
		};
		40DFD2B31D03BEA50079BAF9 /* PBXTargetDependency */ = {
			isa = PBXTargetDependency;
			target = 40DFD28F1D03BEA40079BAF9 /* ForceMIDI */;
			targetProxy = 40DFD2B21D03BEA50079BAF9 /* PBXContainerItemProxy */;
		};
/* End PBXTargetDependency section */

/* Begin PBXVariantGroup section */
		40DFD29E1D03BEA50079BAF9 /* Main.storyboard */ = {
			isa = PBXVariantGroup;
			children = (
				40DFD29F1D03BEA50079BAF9 /* Base */,
			);
			name = Main.storyboard;
			sourceTree = "<group>";
		};
/* End PBXVariantGroup section */

/* Begin XCBuildConfiguration section */
		40DFD2B81D03BEA50079BAF9 /* Debug */ = {
			isa = XCBuildConfiguration;
			buildSettings = {
				ALWAYS_SEARCH_USER_PATHS = NO;
				CLANG_ANALYZER_NONNULL = YES;
				CLANG_CXX_LANGUAGE_STANDARD = "gnu++0x";
				CLANG_CXX_LIBRARY = "libc++";
				CLANG_ENABLE_MODULES = YES;
				CLANG_ENABLE_OBJC_ARC = YES;
				CLANG_WARN_BOOL_CONVERSION = YES;
				CLANG_WARN_CONSTANT_CONVERSION = YES;
				CLANG_WARN_DIRECT_OBJC_ISA_USAGE = YES_ERROR;
				CLANG_WARN_EMPTY_BODY = YES;
				CLANG_WARN_ENUM_CONVERSION = YES;
				CLANG_WARN_INT_CONVERSION = YES;
				CLANG_WARN_OBJC_ROOT_CLASS = YES_ERROR;
				CLANG_WARN_UNREACHABLE_CODE = YES;
				CLANG_WARN__DUPLICATE_METHOD_MATCH = YES;
				CODE_SIGN_IDENTITY = "-";
				COPY_PHASE_STRIP = NO;
				DEBUG_INFORMATION_FORMAT = dwarf;
				ENABLE_STRICT_OBJC_MSGSEND = YES;
				ENABLE_TESTABILITY = YES;
				GCC_C_LANGUAGE_STANDARD = gnu99;
				GCC_DYNAMIC_NO_PIC = NO;
				GCC_NO_COMMON_BLOCKS = YES;
				GCC_OPTIMIZATION_LEVEL = 0;
				GCC_PREPROCESSOR_DEFINITIONS = (
					"DEBUG=1",
					"$(inherited)",
				);
				GCC_WARN_64_TO_32_BIT_CONVERSION = YES;
				GCC_WARN_ABOUT_RETURN_TYPE = YES_ERROR;
				GCC_WARN_UNDECLARED_SELECTOR = YES;
				GCC_WARN_UNINITIALIZED_AUTOS = YES_AGGRESSIVE;
				GCC_WARN_UNUSED_FUNCTION = YES;
				GCC_WARN_UNUSED_VARIABLE = YES;
				MACOSX_DEPLOYMENT_TARGET = 10.11;
				MTL_ENABLE_DEBUG_INFO = YES;
				ONLY_ACTIVE_ARCH = YES;
				SDKROOT = macosx;
			};
			name = Debug;
		};
		40DFD2B91D03BEA50079BAF9 /* Release */ = {
			isa = XCBuildConfiguration;
			buildSettings = {
				ALWAYS_SEARCH_USER_PATHS = NO;
				CLANG_ANALYZER_NONNULL = YES;
				CLANG_CXX_LANGUAGE_STANDARD = "gnu++0x";
				CLANG_CXX_LIBRARY = "libc++";
				CLANG_ENABLE_MODULES = YES;
				CLANG_ENABLE_OBJC_ARC = YES;
				CLANG_WARN_BOOL_CONVERSION = YES;
				CLANG_WARN_CONSTANT_CONVERSION = YES;
				CLANG_WARN_DIRECT_OBJC_ISA_USAGE = YES_ERROR;
				CLANG_WARN_EMPTY_BODY = YES;
				CLANG_WARN_ENUM_CONVERSION = YES;
				CLANG_WARN_INT_CONVERSION = YES;
				CLANG_WARN_OBJC_ROOT_CLASS = YES_ERROR;
				CLANG_WARN_UNREACHABLE_CODE = YES;
				CLANG_WARN__DUPLICATE_METHOD_MATCH = YES;
				CODE_SIGN_IDENTITY = "-";
				COPY_PHASE_STRIP = NO;
				DEBUG_INFORMATION_FORMAT = "dwarf-with-dsym";
				ENABLE_NS_ASSERTIONS = NO;
				ENABLE_STRICT_OBJC_MSGSEND = YES;
				GCC_C_LANGUAGE_STANDARD = gnu99;
				GCC_NO_COMMON_BLOCKS = YES;
				GCC_WARN_64_TO_32_BIT_CONVERSION = YES;
				GCC_WARN_ABOUT_RETURN_TYPE = YES_ERROR;
				GCC_WARN_UNDECLARED_SELECTOR = YES;
				GCC_WARN_UNINITIALIZED_AUTOS = YES_AGGRESSIVE;
				GCC_WARN_UNUSED_FUNCTION = YES;
				GCC_WARN_UNUSED_VARIABLE = YES;
				MACOSX_DEPLOYMENT_TARGET = 10.11;
				MTL_ENABLE_DEBUG_INFO = NO;
				SDKROOT = macosx;
			};
			name = Release;
		};
		40DFD2BB1D03BEA50079BAF9 /* Debug */ = {
			isa = XCBuildConfiguration;
			buildSettings = {
				ASSETCATALOG_COMPILER_APPICON_NAME = AppIcon;
				COMBINE_HIDPI_IMAGES = YES;
				INFOPLIST_FILE = ForceMIDI/Info.plist;
				LD_RUNPATH_SEARCH_PATHS = "$(inherited) @executable_path/../Frameworks";
				PRODUCT_BUNDLE_IDENTIFIER = jbreeden.ForceMIDI;
				PRODUCT_NAME = "$(TARGET_NAME)";
			};
			name = Debug;
		};
		40DFD2BC1D03BEA50079BAF9 /* Release */ = {
			isa = XCBuildConfiguration;
			buildSettings = {
				ASSETCATALOG_COMPILER_APPICON_NAME = AppIcon;
				COMBINE_HIDPI_IMAGES = YES;
				INFOPLIST_FILE = ForceMIDI/Info.plist;
				LD_RUNPATH_SEARCH_PATHS = "$(inherited) @executable_path/../Frameworks";
				PRODUCT_BUNDLE_IDENTIFIER = jbreeden.ForceMIDI;
				PRODUCT_NAME = "$(TARGET_NAME)";
			};
			name = Release;
		};
		40DFD2BE1D03BEA50079BAF9 /* Debug */ = {
			isa = XCBuildConfiguration;
			buildSettings = {
				BUNDLE_LOADER = "$(TEST_HOST)";
				COMBINE_HIDPI_IMAGES = YES;
				INFOPLIST_FILE = ForceMIDITests/Info.plist;
				LD_RUNPATH_SEARCH_PATHS = "$(inherited) @executable_path/../Frameworks @loader_path/../Frameworks";
				PRODUCT_BUNDLE_IDENTIFIER = jbreeden.ForceMIDITests;
				PRODUCT_NAME = "$(TARGET_NAME)";
				TEST_HOST = "$(BUILT_PRODUCTS_DIR)/ForceMIDI.app/Contents/MacOS/ForceMIDI";
			};
			name = Debug;
		};
		40DFD2BF1D03BEA50079BAF9 /* Release */ = {
			isa = XCBuildConfiguration;
			buildSettings = {
				BUNDLE_LOADER = "$(TEST_HOST)";
				COMBINE_HIDPI_IMAGES = YES;
				INFOPLIST_FILE = ForceMIDITests/Info.plist;
				LD_RUNPATH_SEARCH_PATHS = "$(inherited) @executable_path/../Frameworks @loader_path/../Frameworks";
				PRODUCT_BUNDLE_IDENTIFIER = jbreeden.ForceMIDITests;
				PRODUCT_NAME = "$(TARGET_NAME)";
				TEST_HOST = "$(BUILT_PRODUCTS_DIR)/ForceMIDI.app/Contents/MacOS/ForceMIDI";
			};
			name = Release;
		};
		40DFD2C11D03BEA50079BAF9 /* Debug */ = {
			isa = XCBuildConfiguration;
			buildSettings = {
				COMBINE_HIDPI_IMAGES = YES;
				INFOPLIST_FILE = ForceMIDIUITests/Info.plist;
				LD_RUNPATH_SEARCH_PATHS = "$(inherited) @executable_path/../Frameworks @loader_path/../Frameworks";
				PRODUCT_BUNDLE_IDENTIFIER = jbreeden.ForceMIDIUITests;
				PRODUCT_NAME = "$(TARGET_NAME)";
				TEST_TARGET_NAME = ForceMIDI;
			};
			name = Debug;
		};
		40DFD2C21D03BEA50079BAF9 /* Release */ = {
			isa = XCBuildConfiguration;
			buildSettings = {
				COMBINE_HIDPI_IMAGES = YES;
				INFOPLIST_FILE = ForceMIDIUITests/Info.plist;
				LD_RUNPATH_SEARCH_PATHS = "$(inherited) @executable_path/../Frameworks @loader_path/../Frameworks";
				PRODUCT_BUNDLE_IDENTIFIER = jbreeden.ForceMIDIUITests;
				PRODUCT_NAME = "$(TARGET_NAME)";
				TEST_TARGET_NAME = ForceMIDI;
			};
			name = Release;
		};
/* End XCBuildConfiguration section */

/* Begin XCConfigurationList section */
		40DFD28B1D03BEA40079BAF9 /* Build configuration list for PBXProject "ForceMIDI" */ = {
			isa = XCConfigurationList;
			buildConfigurations = (
				40DFD2B81D03BEA50079BAF9 /* Debug */,
				40DFD2B91D03BEA50079BAF9 /* Release */,
			);
			defaultConfigurationIsVisible = 0;
			defaultConfigurationName = Release;
		};
		40DFD2BA1D03BEA50079BAF9 /* Build configuration list for PBXNativeTarget "ForceMIDI" */ = {
			isa = XCConfigurationList;
			buildConfigurations = (
				40DFD2BB1D03BEA50079BAF9 /* Debug */,
				40DFD2BC1D03BEA50079BAF9 /* Release */,
			);
			defaultConfigurationIsVisible = 0;
		};
		40DFD2BD1D03BEA50079BAF9 /* Build configuration list for PBXNativeTarget "ForceMIDITests" */ = {
			isa = XCConfigurationList;
			buildConfigurations = (
				40DFD2BE1D03BEA50079BAF9 /* Debug */,
				40DFD2BF1D03BEA50079BAF9 /* Release */,
			);
			defaultConfigurationIsVisible = 0;
		};
		40DFD2C01D03BEA50079BAF9 /* Build configuration list for PBXNativeTarget "ForceMIDIUITests" */ = {
			isa = XCConfigurationList;
			buildConfigurations = (
				40DFD2C11D03BEA50079BAF9 /* Debug */,
				40DFD2C21D03BEA50079BAF9 /* Release */,
			);
			defaultConfigurationIsVisible = 0;
		};
/* End XCConfigurationList section */
	};
	rootObject = 40DFD2881D03BEA40079BAF9 /* Project object */;
}
